lockfileVersion: '9.0'

settings:
  autoInstallPeers: true
  excludeLinksFromLockfile: false

importers:

  .:
    dependencies:
      '@rslint/core':
        specifier: ^0.8.1
        version: 0.8.2(jiti@2.7.0)
      jiti:
        specifier: ^2.7.0
        version: 2.7.0

packages:

  '@rslint/core@0.8.2':
    resolution: {integrity: sha512-O7c9hg5Soo1MOta0Aj+3Td2Bjd6ZZUV+lLPWJvVRNqaZEzl2FKmkS9xuT9o4jHXTXhTvlxGuyyaJUUlEpW57Cw==}
    hasBin: true
    peerDependencies:
      jiti: ^2.7.0
    peerDependenciesMeta:
      jiti:
        optional: true

  '@rslint/native-darwin-arm64@0.8.2':
    resolution: {integrity: sha512-SdGy7Mh8a53VQiMbQQ+pvtaivwUCeBdYP0QeORZfUWqcqqaTdfTQnaCm/7BG9NRIjAwSZcwooJnklZwqky2gGA==}
    cpu: [arm64]
    os: [darwin]

  '@rslint/native-darwin-x64@0.8.2':
    resolution: {integrity: sha512-Yp8+zNxhkO92QpNFTcJLYPU/Q02QC0GIR9BRn2DdMHtVattFctZKXujWprLFNafh7Di/5fitebNKeqck2+pxoQ==}
    cpu: [x64]
    os: [darwin]

  '@rslint/native-linux-arm64-gnu@0.8.2':
    resolution: {integrity: sha512-LUp+w/bDgyyEpuDDp8fO18JsdyZndF5pRSeOnxPs1Ms6cUI3JRUJ/al7RMUQEzfMuNHPSrmEnFZW1nAjLOubdA==}
    cpu: [arm64]
    os: [linux]
    libc: [glibc]

  '@rslint/native-linux-arm64-musl@0.8.2':
    resolution: {integrity: sha512-dDPAy1+EsXT6kKVy2qgzCJSBCZ+ry2LVLbo5eLX1kueTB6uGQATnKVKhS0SiSkdqC9clxiviBRs/XBivbc4uVQ==}
    cpu: [arm64]
    os: [linux]
    libc: [musl]

  '@rslint/native-linux-x64-gnu@0.8.2':
    resolution: {integrity: sha512-n5TOiNTQGpfAjw7LScEdxYv41CaNpF2ff/6GVUuUBlA/GJr3pWApZUR3lP+RQmM/Ov2i+2Yfn2KrP+fIT1we5A==}
    cpu: [x64]
    os: [linux]
    libc: [glibc]

  '@rslint/native-linux-x64-musl@0.8.2':
    resolution: {integrity: sha512-kP1uGWoHgtJuRcfMRqbu22tpMNkH2MIDQfQFu0O37PZQYh9uc0/yQzS6c5ILPKqr0PnBu4uljHa+I6a34kZ+Mw==}
    cpu: [x64]
    os: [linux]
    libc: [musl]

  '@rslint/native-win32-arm64-msvc@0.8.2':
    resolution: {integrity: sha512-FYeEm0xa/vmgEHduoDrHj4k4oRBuX8xCS3JNgJALuqwUqPsh9h/pLmV+11M4X3aoiMWvqADfG4mZ0hbf79uzSQ==}
    cpu: [arm64]
    os: [win32]

  '@rslint/native-win32-x64-msvc@0.8.2':
    resolution: {integrity: sha512-AyJTA/pMW7o1fXZ8oS6xwrQ89BdQwAuwCgVUB3tRUHYFNqbmjjjQAEqXz9xKSKbZlaENSRuDDptu0gq5VWPGmQ==}
    cpu: [x64]
    os: [win32]

  jiti@2.7.0:
    resolution: {integrity: sha512-AC/7JofJvZGrrneWNaEnJeOLUx+JlGt7tNa0wZiRPT4MY1wmfKjt2+6O2p2uz2+skll8OZZmJMNqeke7kKbNgQ==}
    hasBin: true

  picomatch@4.0.7:
    resolution: {integrity: sha512-qcJu88Q2IWqJsDD529JKMdwGm/dvInW4HvQnRwiH9JtihJvzGOscDtHE3x1pBKeUOTysQ8kVmLnJ2kJu7yhcGA==}
    engines: {node: '>=12'}

snapshots:

  '@rslint/core@0.8.2(jiti@2.7.0)':
    dependencies:
      picomatch: 4.0.7
    optionalDependencies:
      '@rslint/native-darwin-arm64': 0.8.2
      '@rslint/native-darwin-x64': 0.8.2
      '@rslint/native-linux-arm64-gnu': 0.8.2
      '@rslint/native-linux-arm64-musl': 0.8.2
      '@rslint/native-linux-x64-gnu': 0.8.2
      '@rslint/native-linux-x64-musl': 0.8.2
      '@rslint/native-win32-arm64-msvc': 0.8.2
      '@rslint/native-win32-x64-msvc': 0.8.2
      jiti: 2.7.0

  '@rslint/native-darwin-arm64@0.8.2':
    optional: true

  '@rslint/native-darwin-x64@0.8.2':
    optional: true

  '@rslint/native-linux-arm64-gnu@0.8.2':
    optional: true

  '@rslint/native-linux-arm64-musl@0.8.2':
    optional: true

  '@rslint/native-linux-x64-gnu@0.8.2':
    optional: true

  '@rslint/native-linux-x64-musl@0.8.2':
    optional: true

  '@rslint/native-win32-arm64-msvc@0.8.2':
    optional: true

  '@rslint/native-win32-x64-msvc@0.8.2':
    optional: true

  jiti@2.7.0: {}

  picomatch@4.0.7: {}
