lockfileVersion: '9.0'

settings:
  autoInstallPeers: true
  excludeLinksFromLockfile: false

importers:

  .:
    dependencies:
      '@rslint/core':
        specifier: ^0.9.0
        version: 0.9.0(jiti@2.7.0)
      jiti:
        specifier: ^2.7.0
        version: 2.7.0

packages:

  '@rslint/core@0.9.0':
    resolution: {integrity: sha512-rY8F6kdQ/XkBiflaNzglJdMfxl0Lv/NFXppK0kAhx2P2CvogsXIA/z82Wxtk+Cg9uFHou67N9/iqmWXgdtSoDw==}
    hasBin: true
    peerDependencies:
      jiti: ^2.7.0
    peerDependenciesMeta:
      jiti:
        optional: true

  '@rslint/native-darwin-arm64@0.9.0':
    resolution: {integrity: sha512-xhdBrVALZTX0v4ZghKY7RGO87DpItk4DVvKm3MGih4w1o2WF2u+6n/mohvG7/ts7c8T88HIbLfK4luQ8kMDCsg==}
    cpu: [arm64]
    os: [darwin]

  '@rslint/native-darwin-x64@0.9.0':
    resolution: {integrity: sha512-xuluXYUKizRZD/70WILvn+OeNdBT6izU81vhiNHVYdEQmfsqaqE8fthKGmQvaRu/DNL3CgVRPR+PzOAcQzPpOw==}
    cpu: [x64]
    os: [darwin]

  '@rslint/native-linux-arm64-gnu@0.9.0':
    resolution: {integrity: sha512-J9uHBg/8Z9WanEKBXaPNZz0h+P8qtOLwjVqwEcOwYm1yLHRY70A7XqI6cRVIx72gXKGWtNBT2BRw9p8CWQUhgg==}
    cpu: [arm64]
    os: [linux]
    libc: [glibc]

  '@rslint/native-linux-arm64-musl@0.9.0':
    resolution: {integrity: sha512-3ICIPH1oZOuMuZp+4hRhU+Af34U/2MNFB1yN+yi/jfJP+qBEExQbeBOS4J6HOecx9RJXcFvPF2ZI68l4g8/DPQ==}
    cpu: [arm64]
    os: [linux]
    libc: [musl]

  '@rslint/native-linux-x64-gnu@0.9.0':
    resolution: {integrity: sha512-vlzcruA/t+0XvdK2S0bIS00H9Mpkrwo/hIFvpyUONgxi2WaO7XNDtgTWAsajB40WmvezYYLKs45LgkVXpxSCFA==}
    cpu: [x64]
    os: [linux]
    libc: [glibc]

  '@rslint/native-linux-x64-musl@0.9.0':
    resolution: {integrity: sha512-+gPExuOtSPaP7jAWeMRnTobvQOhaqo9857K/7T2qvc15ksnYqqygMhzcVzm9Wt7L4KBoW6PR1uvwgmPaK4B0IA==}
    cpu: [x64]
    os: [linux]
    libc: [musl]

  '@rslint/native-win32-arm64-msvc@0.9.0':
    resolution: {integrity: sha512-YK5uTuk6zNXru2cOwivbZPH25C7u8RSQlKm5tOqwhaQ0ShCVDdh7z0SXvHvLdQ2VJen+30Vp1izAMZ7Zp/8KaQ==}
    cpu: [arm64]
    os: [win32]

  '@rslint/native-win32-x64-msvc@0.9.0':
    resolution: {integrity: sha512-7elW5V8zm3McqA0LCjBBR7SDwQ5hRW+hrnJcCmrspSnBeUPFqnJfvUvsQPgbJz3pdrkBzzjZMvUgEYyBQ9dl8A==}
    cpu: [x64]
    os: [win32]

  jiti@2.7.0:
    resolution: {integrity: sha512-AC/7JofJvZGrrneWNaEnJeOLUx+JlGt7tNa0wZiRPT4MY1wmfKjt2+6O2p2uz2+skll8OZZmJMNqeke7kKbNgQ==}
    hasBin: true

  picomatch@4.0.7:
    resolution: {integrity: sha512-qcJu88Q2IWqJsDD529JKMdwGm/dvInW4HvQnRwiH9JtihJvzGOscDtHE3x1pBKeUOTysQ8kVmLnJ2kJu7yhcGA==}
    engines: {node: '>=12'}

snapshots:

  '@rslint/core@0.9.0(jiti@2.7.0)':
    dependencies:
      picomatch: 4.0.7
    optionalDependencies:
      '@rslint/native-darwin-arm64': 0.9.0
      '@rslint/native-darwin-x64': 0.9.0
      '@rslint/native-linux-arm64-gnu': 0.9.0
      '@rslint/native-linux-arm64-musl': 0.9.0
      '@rslint/native-linux-x64-gnu': 0.9.0
      '@rslint/native-linux-x64-musl': 0.9.0
      '@rslint/native-win32-arm64-msvc': 0.9.0
      '@rslint/native-win32-x64-msvc': 0.9.0
      jiti: 2.7.0

  '@rslint/native-darwin-arm64@0.9.0':
    optional: true

  '@rslint/native-darwin-x64@0.9.0':
    optional: true

  '@rslint/native-linux-arm64-gnu@0.9.0':
    optional: true

  '@rslint/native-linux-arm64-musl@0.9.0':
    optional: true

  '@rslint/native-linux-x64-gnu@0.9.0':
    optional: true

  '@rslint/native-linux-x64-musl@0.9.0':
    optional: true

  '@rslint/native-win32-arm64-msvc@0.9.0':
    optional: true

  '@rslint/native-win32-x64-msvc@0.9.0':
    optional: true

  jiti@2.7.0: {}

  picomatch@4.0.7: {}
